// !$*UTF8*$!
{
	archiveVersion = 1;
	classes = {
	};
	objectVersion = 56;
	objects = {

/* Begin PBXBuildFile section */
		820324912CBD5013001D3B6D /* UserDefaultsHelper.swift in Sources */ = {isa = PBXBuildFile; fileRef = 820324902CBD5013001D3B6D /* UserDefaultsHelper.swift */; };
		820324942CBD80FA001D3B6D /* UserDefaultsKey.swift in Sources */ = {isa = PBXBuildFile; fileRef = 820324932CBD80FA001D3B6D /* UserDefaultsKey.swift */; };
		829591692CB1337000349C49 /* AppDelegate.swift in Sources */ = {isa = PBXBuildFile; fileRef = 829591682CB1337000349C49 /* AppDelegate.swift */; };
		8295916B2CB1337000349C49 /* SceneDelegate.swift in Sources */ = {isa = PBXBuildFile; fileRef = 8295916A2CB1337000349C49 /* SceneDelegate.swift */; };
		8295916D2CB1337000349C49 /* MainViewController.swift in Sources */ = {isa = PBXBuildFile; fileRef = 8295916C2CB1337000349C49 /* MainViewController.swift */; };
		829591702CB1337000349C49 /* Base in Resources */ = {isa = PBXBuildFile; fileRef = 8295916F2CB1337000349C49 /* Base */; };
		829591722CB1337200349C49 /* Assets.xcassets in Resources */ = {isa = PBXBuildFile; fileRef = 829591712CB1337200349C49 /* Assets.xcassets */; };
		829591752CB1337200349C49 /* Base in Resources */ = {isa = PBXBuildFile; fileRef = 829591742CB1337200349C49 /* Base */; };
		8295917D2CB1338700349C49 /* Auth.storyboard in Resources */ = {isa = PBXBuildFile; fileRef = 8295917C2CB1338700349C49 /* Auth.storyboard */; };
		829591832CB134DD00349C49 /* GetStartedController.swift in Sources */ = {isa = PBXBuildFile; fileRef = 829591822CB134DD00349C49 /* GetStartedController.swift */; };
		829591872CB13A2200349C49 /* RegisterController.swift in Sources */ = {isa = PBXBuildFile; fileRef = 829591862CB13A2200349C49 /* RegisterController.swift */; };
		829591892CB141F700349C49 /* LoginController.swift in Sources */ = {isa = PBXBuildFile; fileRef = 829591882CB141F700349C49 /* LoginController.swift */; };
		8295918C2CB145EA00349C49 /* UserModel.swift in Sources */ = {isa = PBXBuildFile; fileRef = 8295918B2CB145EA00349C49 /* UserModel.swift */; };
		82F4B7802CB6DEE6001DDF93 /* AnswerCollectionViewCell.swift in Sources */ = {isa = PBXBuildFile; fileRef = 82F4B77E2CB6DEE6001DDF93 /* AnswerCollectionViewCell.swift */; };
		82F4B7812CB6DEE6001DDF93 /* AnswerCollectionViewCell.xib in Resources */ = {isa = PBXBuildFile; fileRef = 82F4B77F2CB6DEE6001DDF93 /* AnswerCollectionViewCell.xib */; };
		82F4B7842CB6DF1F001DDF93 /* QuestionHeaderView.swift in Sources */ = {isa = PBXBuildFile; fileRef = 82F4B7822CB6DF1F001DDF93 /* QuestionHeaderView.swift */; };
		82F4B7852CB6DF1F001DDF93 /* QuestionHeaderView.xib in Resources */ = {isa = PBXBuildFile; fileRef = 82F4B7832CB6DF1F001DDF93 /* QuestionHeaderView.xib */; };
		82F4B7872CB6E099001DDF93 /* QuestionModel.swift in Sources */ = {isa = PBXBuildFile; fileRef = 82F4B7862CB6E099001DDF93 /* QuestionModel.swift */; };
		82F4B78B2CB6E90F001DDF93 /* AnswerTitleCell.swift in Sources */ = {isa = PBXBuildFile; fileRef = 82F4B7892CB6E90F001DDF93 /* AnswerTitleCell.swift */; };
		82F4B78C2CB6E90F001DDF93 /* AnswerTitleCell.xib in Resources */ = {isa = PBXBuildFile; fileRef = 82F4B78A2CB6E90F001DDF93 /* AnswerTitleCell.xib */; };
/* End PBXBuildFile section */

/* Begin PBXFileReference section */
		820324902CBD5013001D3B6D /* UserDefaultsHelper.swift */ = {isa = PBXFileReference; lastKnownFileType = sourcecode.swift; path = UserDefaultsHelper.swift; sourceTree = "<group>"; };
		820324932CBD80FA001D3B6D /* UserDefaultsKey.swift */ = {isa = PBXFileReference; lastKnownFileType = sourcecode.swift; path = UserDefaultsKey.swift; sourceTree = "<group>"; };
		829591652CB1337000349C49 /* BillionerProject.app */ = {isa = PBXFileReference; explicitFileType = wrapper.application; includeInIndex = 0; path = BillionerProject.app; sourceTree = BUILT_PRODUCTS_DIR; };
		829591682CB1337000349C49 /* AppDelegate.swift */ = {isa = PBXFileReference; lastKnownFileType = sourcecode.swift; path = AppDelegate.swift; sourceTree = "<group>"; };
		8295916A2CB1337000349C49 /* SceneDelegate.swift */ = {isa = PBXFileReference; lastKnownFileType = sourcecode.swift; path = SceneDelegate.swift; sourceTree = "<group>"; };
		8295916C2CB1337000349C49 /* MainViewController.swift */ = {isa = PBXFileReference; lastKnownFileType = sourcecode.swift; path = MainViewController.swift; sourceTree = "<group>"; };
		8295916F2CB1337000349C49 /* Base */ = {isa = PBXFileReference; lastKnownFileType = file.storyboard; name = Base; path = Base.lproj/Main.storyboard; sourceTree = "<group>"; };
		829591712CB1337200349C49 /* Assets.xcassets */ = {isa = PBXFileReference; lastKnownFileType = folder.assetcatalog; path = Assets.xcassets; sourceTree = "<group>"; };
		829591742CB1337200349C49 /* Base */ = {isa = PBXFileReference; lastKnownFileType = file.storyboard; name = Base; path = Base.lproj/LaunchScreen.storyboard; sourceTree = "<group>"; };
		829591762CB1337200349C49 /* Info.plist */ = {isa = PBXFileReference; lastKnownFileType = text.plist.xml; path = Info.plist; sourceTree = "<group>"; };
		8295917C2CB1338700349C49 /* Auth.storyboard */ = {isa = PBXFileReference; lastKnownFileType = file.storyboard; path = Auth.storyboard; sourceTree = "<group>"; };
		829591822CB134DD00349C49 /* GetStartedController.swift */ = {isa = PBXFileReference; lastKnownFileType = sourcecode.swift; path = GetStartedController.swift; sourceTree = "<group>"; };
		829591862CB13A2200349C49 /* RegisterController.swift */ = {isa = PBXFileReference; lastKnownFileType = sourcecode.swift; path = RegisterController.swift; sourceTree = "<group>"; };
		829591882CB141F700349C49 /* LoginController.swift */ = {isa = PBXFileReference; lastKnownFileType = sourcecode.swift; path = LoginController.swift; sourceTree = "<group>"; };
		8295918B2CB145EA00349C49 /* UserModel.swift */ = {isa = PBXFileReference; lastKnownFileType = sourcecode.swift; path = UserModel.swift; sourceTree = "<group>"; };
		82F4B77E2CB6DEE6001DDF93 /* AnswerCollectionViewCell.swift */ = {isa = PBXFileReference; lastKnownFileType = sourcecode.swift; path = AnswerCollectionViewCell.swift; sourceTree = "<group>"; };
		82F4B77F2CB6DEE6001DDF93 /* AnswerCollectionViewCell.xib */ = {isa = PBXFileReference; lastKnownFileType = file.xib; path = AnswerCollectionViewCell.xib; sourceTree = "<group>"; };
		82F4B7822CB6DF1F001DDF93 /* QuestionHeaderView.swift */ = {isa = PBXFileReference; lastKnownFileType = sourcecode.swift; path = QuestionHeaderView.swift; sourceTree = "<group>"; };
		82F4B7832CB6DF1F001DDF93 /* QuestionHeaderView.xib */ = {isa = PBXFileReference; lastKnownFileType = file.xib; path = QuestionHeaderView.xib; sourceTree = "<group>"; };
		82F4B7862CB6E099001DDF93 /* QuestionModel.swift */ = {isa = PBXFileReference; lastKnownFileType = sourcecode.swift; path = QuestionModel.swift; sourceTree = "<group>"; };
		82F4B7892CB6E90F001DDF93 /* AnswerTitleCell.swift */ = {isa = PBXFileReference; lastKnownFileType = sourcecode.swift; path = AnswerTitleCell.swift; sourceTree = "<group>"; };
		82F4B78A2CB6E90F001DDF93 /* AnswerTitleCell.xib */ = {isa = PBXFileReference; lastKnownFileType = file.xib; path = AnswerTitleCell.xib; sourceTree = "<group>"; };
/* End PBXFileReference section */

/* Begin PBXFrameworksBuildPhase section */
		829591622CB1337000349C49 /* Frameworks */ = {
			isa = PBXFrameworksBuildPhase;
			buildActionMask = 2147483647;
			files = (
			);
			runOnlyForDeploymentPostprocessing = 0;
		};
/* End PBXFrameworksBuildPhase section */

/* Begin PBXGroup section */
		8203248F2CBD5000001D3B6D /* Helpers */ = {
			isa = PBXGroup;
			children = (
				820324902CBD5013001D3B6D /* UserDefaultsHelper.swift */,
				820324932CBD80FA001D3B6D /* UserDefaultsKey.swift */,
			);
			path = Helpers;
			sourceTree = "<group>";
		};
		8295915C2CB1337000349C49 = {
			isa = PBXGroup;
			children = (
				829591672CB1337000349C49 /* BillionerProject */,
				829591662CB1337000349C49 /* Products */,
			);
			sourceTree = "<group>";
		};
		829591662CB1337000349C49 /* Products */ = {
			isa = PBXGroup;
			children = (
				829591652CB1337000349C49 /* BillionerProject.app */,
			);
			name = Products;
			sourceTree = "<group>";
		};
		829591672CB1337000349C49 /* BillionerProject */ = {
			isa = PBXGroup;
			children = (
				829591802CB1339D00349C49 /* App */,
				8295917F2CB1339100349C49 /* Main */,
				8295917E2CB1338C00349C49 /* Auth */,
				8203248F2CBD5000001D3B6D /* Helpers */,
				829591812CB133BE00349C49 /* Resources */,
				829591762CB1337200349C49 /* Info.plist */,
			);
			path = BillionerProject;
			sourceTree = "<group>";
		};
		8295917E2CB1338C00349C49 /* Auth */ = {
			isa = PBXGroup;
			children = (
				8295918A2CB145DF00349C49 /* Models */,
				829591852CB13A0000349C49 /* Storyboard */,
				829591842CB139F700349C49 /* Controllers */,
			);
			path = Auth;
			sourceTree = "<group>";
		};
		8295917F2CB1339100349C49 /* Main */ = {
			isa = PBXGroup;
			children = (
				82F4B77B2CB6DEB4001DDF93 /* Views */,
				8295916C2CB1337000349C49 /* MainViewController.swift */,
				8295916E2CB1337000349C49 /* Main.storyboard */,
				82F4B7862CB6E099001DDF93 /* QuestionModel.swift */,
			);
			path = Main;
			sourceTree = "<group>";
		};
		829591802CB1339D00349C49 /* App */ = {
			isa = PBXGroup;
			children = (
				829591682CB1337000349C49 /* AppDelegate.swift */,
				8295916A2CB1337000349C49 /* SceneDelegate.swift */,
			);
			path = App;
			sourceTree = "<group>";
		};
		829591812CB133BE00349C49 /* Resources */ = {
			isa = PBXGroup;
			children = (
				829591712CB1337200349C49 /* Assets.xcassets */,
				829591732CB1337200349C49 /* LaunchScreen.storyboard */,
			);
			path = Resources;
			sourceTree = "<group>";
		};
		829591842CB139F700349C49 /* Controllers */ = {
			isa = PBXGroup;
			children = (
				829591822CB134DD00349C49 /* GetStartedController.swift */,
				829591882CB141F700349C49 /* LoginController.swift */,
				829591862CB13A2200349C49 /* RegisterController.swift */,
			);
			path = Controllers;
			sourceTree = "<group>";
		};
		829591852CB13A0000349C49 /* Storyboard */ = {
			isa = PBXGroup;
			children = (
				8295917C2CB1338700349C49 /* Auth.storyboard */,
			);
			path = Storyboard;
			sourceTree = "<group>";
		};
		8295918A2CB145DF00349C49 /* Models */ = {
			isa = PBXGroup;
			children = (
				8295918B2CB145EA00349C49 /* UserModel.swift */,
			);
			path = Models;
			sourceTree = "<group>";
		};
		82F4B77B2CB6DEB4001DDF93 /* Views */ = {
			isa = PBXGroup;
			children = (
				82F4B7882CB6E8F0001DDF93 /* AnswerTitleCell */,
				82F4B77D2CB6DED2001DDF93 /* AnswerCollectionViewCell */,
				82F4B77C2CB6DEBB001DDF93 /* CollectionHeaderView */,
			);
			path = Views;
			sourceTree = "<group>";
		};
		82F4B77C2CB6DEBB001DDF93 /* CollectionHeaderView */ = {
			isa = PBXGroup;
			children = (
				82F4B7822CB6DF1F001DDF93 /* QuestionHeaderView.swift */,
				82F4B7832CB6DF1F001DDF93 /* QuestionHeaderView.xib */,
			);
			path = CollectionHeaderView;
			sourceTree = "<group>";
		};
		82F4B77D2CB6DED2001DDF93 /* AnswerCollectionViewCell */ = {
			isa = PBXGroup;
			children = (
				82F4B77E2CB6DEE6001DDF93 /* AnswerCollectionViewCell.swift */,
				82F4B77F2CB6DEE6001DDF93 /* AnswerCollectionViewCell.xib */,
			);
			path = AnswerCollectionViewCell;
			sourceTree = "<group>";
		};
		82F4B7882CB6E8F0001DDF93 /* AnswerTitleCell */ = {
			isa = PBXGroup;
			children = (
				82F4B7892CB6E90F001DDF93 /* AnswerTitleCell.swift */,
				82F4B78A2CB6E90F001DDF93 /* AnswerTitleCell.xib */,
			);
			path = AnswerTitleCell;
			sourceTree = "<group>";
		};
/* End PBXGroup section */

/* Begin PBXNativeTarget section */
		829591642CB1337000349C49 /* BillionerProject */ = {
			isa = PBXNativeTarget;
			buildConfigurationList = 829591792CB1337200349C49 /* Build configuration list for PBXNativeTarget "BillionerProject" */;
			buildPhases = (
				829591612CB1337000349C49 /* Sources */,
				829591622CB1337000349C49 /* Frameworks */,
				829591632CB1337000349C49 /* Resources */,
			);
			buildRules = (
			);
			dependencies = (
			);
			name = BillionerProject;
			productName = BillionerProject;
			productReference = 829591652CB1337000349C49 /* BillionerProject.app */;
			productType = "com.apple.product-type.application";
		};
/* End PBXNativeTarget section */

/* Begin PBXProject section */
		8295915D2CB1337000349C49 /* Project object */ = {
			isa = PBXProject;
			attributes = {
				BuildIndependentTargetsInParallel = 1;
				LastSwiftUpdateCheck = 1540;
				LastUpgradeCheck = 1540;
				TargetAttributes = {
					829591642CB1337000349C49 = {
						CreatedOnToolsVersion = 15.4;
					};
				};
			};
			buildConfigurationList = 829591602CB1337000349C49 /* Build configuration list for PBXProject "BillionerProject" */;
			compatibilityVersion = "Xcode 14.0";
			developmentRegion = en;
			hasScannedForEncodings = 0;
			knownRegions = (
				en,
				Base,
			);
			mainGroup = 8295915C2CB1337000349C49;
			productRefGroup = 829591662CB1337000349C49 /* Products */;
			projectDirPath = "";
			projectRoot = "";
			targets = (
				829591642CB1337000349C49 /* BillionerProject */,
			);
		};
/* End PBXProject section */

/* Begin PBXResourcesBuildPhase section */
		829591632CB1337000349C49 /* Resources */ = {
			isa = PBXResourcesBuildPhase;
			buildActionMask = 2147483647;
			files = (
				82F4B78C2CB6E90F001DDF93 /* AnswerTitleCell.xib in Resources */,
				8295917D2CB1338700349C49 /* Auth.storyboard in Resources */,
				829591722CB1337200349C49 /* Assets.xcassets in Resources */,
				829591752CB1337200349C49 /* Base in Resources */,
				829591702CB1337000349C49 /* Base in Resources */,
				82F4B7812CB6DEE6001DDF93 /* AnswerCollectionViewCell.xib in Resources */,
				82F4B7852CB6DF1F001DDF93 /* QuestionHeaderView.xib in Resources */,
			);
			runOnlyForDeploymentPostprocessing = 0;
		};
/* End PBXResourcesBuildPhase section */

/* Begin PBXSourcesBuildPhase section */
		829591612CB1337000349C49 /* Sources */ = {
			isa = PBXSourcesBuildPhase;
			buildActionMask = 2147483647;
			files = (
				829591872CB13A2200349C49 /* RegisterController.swift in Sources */,
				8295918C2CB145EA00349C49 /* UserModel.swift in Sources */,
				820324942CBD80FA001D3B6D /* UserDefaultsKey.swift in Sources */,
				82F4B7842CB6DF1F001DDF93 /* QuestionHeaderView.swift in Sources */,
				82F4B7802CB6DEE6001DDF93 /* AnswerCollectionViewCell.swift in Sources */,
				829591892CB141F700349C49 /* LoginController.swift in Sources */,
				829591832CB134DD00349C49 /* GetStartedController.swift in Sources */,
				820324912CBD5013001D3B6D /* UserDefaultsHelper.swift in Sources */,
				8295916D2CB1337000349C49 /* MainViewController.swift in Sources */,
				829591692CB1337000349C49 /* AppDelegate.swift in Sources */,
				8295916B2CB1337000349C49 /* SceneDelegate.swift in Sources */,
				82F4B78B2CB6E90F001DDF93 /* AnswerTitleCell.swift in Sources */,
				82F4B7872CB6E099001DDF93 /* QuestionModel.swift in Sources */,
			);
			runOnlyForDeploymentPostprocessing = 0;
		};
/* End PBXSourcesBuildPhase section */

/* Begin PBXVariantGroup section */
		8295916E2CB1337000349C49 /* Main.storyboard */ = {
			isa = PBXVariantGroup;
			children = (
				8295916F2CB1337000349C49 /* Base */,
			);
			name = Main.storyboard;
			sourceTree = "<group>";
		};
		829591732CB1337200349C49 /* LaunchScreen.storyboard */ = {
			isa = PBXVariantGroup;
			children = (
				829591742CB1337200349C49 /* Base */,
			);
			name = LaunchScreen.storyboard;
			sourceTree = "<group>";
		};
/* End PBXVariantGroup section */

/* Begin XCBuildConfiguration section */
		829591772CB1337200349C49 /* Debug */ = {
			isa = XCBuildConfiguration;
			buildSettings = {
				ALWAYS_SEARCH_USER_PATHS = NO;
				ASSETCATALOG_COMPILER_GENERATE_SWIFT_ASSET_SYMBOL_EXTENSIONS = YES;
				CLANG_ANALYZER_NONNULL = YES;
				CLANG_ANALYZER_NUMBER_OBJECT_CONVERSION = YES_AGGRESSIVE;
				CLANG_CXX_LANGUAGE_STANDARD = "gnu++20";
				CLANG_ENABLE_MODULES = YES;
				CLANG_ENABLE_OBJC_ARC = YES;
				CLANG_ENABLE_OBJC_WEAK = YES;
				CLANG_WARN_BLOCK_CAPTURE_AUTORELEASING = YES;
				CLANG_WARN_BOOL_CONVERSION = YES;
				CLANG_WARN_COMMA = YES;
				CLANG_WARN_CONSTANT_CONVERSION = YES;
				CLANG_WARN_DEPRECATED_OBJC_IMPLEMENTATIONS = YES;
				CLANG_WARN_DIRECT_OBJC_ISA_USAGE = YES_ERROR;
				CLANG_WARN_DOCUMENTATION_COMMENTS = YES;
				CLANG_WARN_EMPTY_BODY = YES;
				CLANG_WARN_ENUM_CONVERSION = YES;
				CLANG_WARN_INFINITE_RECURSION = YES;
				CLANG_WARN_INT_CONVERSION = YES;
				CLANG_WARN_NON_LITERAL_NULL_CONVERSION = YES;
				CLANG_WARN_OBJC_IMPLICIT_RETAIN_SELF = YES;
				CLANG_WARN_OBJC_LITERAL_CONVERSION = YES;
				CLANG_WARN_OBJC_ROOT_CLASS = YES_ERROR;
				CLANG_WARN_QUOTED_INCLUDE_IN_FRAMEWORK_HEADER = YES;
				CLANG_WARN_RANGE_LOOP_ANALYSIS = YES;
				CLANG_WARN_STRICT_PROTOTYPES = YES;
				CLANG_WARN_SUSPICIOUS_MOVE = YES;
				CLANG_WARN_UNGUARDED_AVAILABILITY = YES_AGGRESSIVE;
				CLANG_WARN_UNREACHABLE_CODE = YES;
				CLANG_WARN__DUPLICATE_METHOD_MATCH = YES;
				COPY_PHASE_STRIP = NO;
				DEBUG_INFORMATION_FORMAT = dwarf;
				ENABLE_STRICT_OBJC_MSGSEND = YES;
				ENABLE_TESTABILITY = YES;
				ENABLE_USER_SCRIPT_SANDBOXING = YES;
				GCC_C_LANGUAGE_STANDARD = gnu17;
				GCC_DYNAMIC_NO_PIC = NO;
				GCC_NO_COMMON_BLOCKS = YES;
				GCC_OPTIMIZATION_LEVEL = 0;
				GCC_PREPROCESSOR_DEFINITIONS = (
					"DEBUG=1",
					"$(inherited)",
				);
				GCC_WARN_64_TO_32_BIT_CONVERSION = YES;
				GCC_WARN_ABOUT_RETURN_TYPE = YES_ERROR;
				GCC_WARN_UNDECLARED_SELECTOR = YES;
				GCC_WARN_UNINITIALIZED_AUTOS = YES_AGGRESSIVE;
				GCC_WARN_UNUSED_FUNCTION = YES;
				GCC_WARN_UNUSED_VARIABLE = YES;
				IPHONEOS_DEPLOYMENT_TARGET = 17.5;
				LOCALIZATION_PREFERS_STRING_CATALOGS = YES;
				MTL_ENABLE_DEBUG_INFO = INCLUDE_SOURCE;
				MTL_FAST_MATH = YES;
				ONLY_ACTIVE_ARCH = YES;
				SDKROOT = iphoneos;
				SWIFT_ACTIVE_COMPILATION_CONDITIONS = "DEBUG $(inherited)";
				SWIFT_OPTIMIZATION_LEVEL = "-Onone";
			};
			name = Debug;
		};
		829591782CB1337200349C49 /* Release */ = {
			isa = XCBuildConfiguration;
			buildSettings = {
				ALWAYS_SEARCH_USER_PATHS = NO;
				ASSETCATALOG_COMPILER_GENERATE_SWIFT_ASSET_SYMBOL_EXTENSIONS = YES;
				CLANG_ANALYZER_NONNULL = YES;
				CLANG_ANALYZER_NUMBER_OBJECT_CONVERSION = YES_AGGRESSIVE;
				CLANG_CXX_LANGUAGE_STANDARD = "gnu++20";
				CLANG_ENABLE_MODULES = YES;
				CLANG_ENABLE_OBJC_ARC = YES;
				CLANG_ENABLE_OBJC_WEAK = YES;
				CLANG_WARN_BLOCK_CAPTURE_AUTORELEASING = YES;
				CLANG_WARN_BOOL_CONVERSION = YES;
				CLANG_WARN_COMMA = YES;
				CLANG_WARN_CONSTANT_CONVERSION = YES;
				CLANG_WARN_DEPRECATED_OBJC_IMPLEMENTATIONS = YES;
				CLANG_WARN_DIRECT_OBJC_ISA_USAGE = YES_ERROR;
				CLANG_WARN_DOCUMENTATION_COMMENTS = YES;
				CLANG_WARN_EMPTY_BODY = YES;
				CLANG_WARN_ENUM_CONVERSION = YES;
				CLANG_WARN_INFINITE_RECURSION = YES;
				CLANG_WARN_INT_CONVERSION = YES;
				CLANG_WARN_NON_LITERAL_NULL_CONVERSION = YES;
				CLANG_WARN_OBJC_IMPLICIT_RETAIN_SELF = YES;
				CLANG_WARN_OBJC_LITERAL_CONVERSION = YES;
				CLANG_WARN_OBJC_ROOT_CLASS = YES_ERROR;
				CLANG_WARN_QUOTED_INCLUDE_IN_FRAMEWORK_HEADER = YES;
				CLANG_WARN_RANGE_LOOP_ANALYSIS = YES;
				CLANG_WARN_STRICT_PROTOTYPES = YES;
				CLANG_WARN_SUSPICIOUS_MOVE = YES;
				CLANG_WARN_UNGUARDED_AVAILABILITY = YES_AGGRESSIVE;
				CLANG_WARN_UNREACHABLE_CODE = YES;
				CLANG_WARN__DUPLICATE_METHOD_MATCH = YES;
				COPY_PHASE_STRIP = NO;
				DEBUG_INFORMATION_FORMAT = "dwarf-with-dsym";
				ENABLE_NS_ASSERTIONS = NO;
				ENABLE_STRICT_OBJC_MSGSEND = YES;
				ENABLE_USER_SCRIPT_SANDBOXING = YES;
				GCC_C_LANGUAGE_STANDARD = gnu17;
				GCC_NO_COMMON_BLOCKS = YES;
				GCC_WARN_64_TO_32_BIT_CONVERSION = YES;
				GCC_WARN_ABOUT_RETURN_TYPE = YES_ERROR;
				GCC_WARN_UNDECLARED_SELECTOR = YES;
				GCC_WARN_UNINITIALIZED_AUTOS = YES_AGGRESSIVE;
				GCC_WARN_UNUSED_FUNCTION = YES;
				GCC_WARN_UNUSED_VARIABLE = YES;
				IPHONEOS_DEPLOYMENT_TARGET = 17.5;
				LOCALIZATION_PREFERS_STRING_CATALOGS = YES;
				MTL_ENABLE_DEBUG_INFO = NO;
				MTL_FAST_MATH = YES;
				SDKROOT = iphoneos;
				SWIFT_COMPILATION_MODE = wholemodule;
				VALIDATE_PRODUCT = YES;
			};
			name = Release;
		};
		8295917A2CB1337200349C49 /* Debug */ = {
			isa = XCBuildConfiguration;
			buildSettings = {
				ASSETCATALOG_COMPILER_APPICON_NAME = AppIcon;
				ASSETCATALOG_COMPILER_GLOBAL_ACCENT_COLOR_NAME = AccentColor;
				CODE_SIGN_STYLE = Automatic;
				CURRENT_PROJECT_VERSION = 1;
				DEVELOPMENT_TEAM = UAJFWUV282;
				GENERATE_INFOPLIST_FILE = YES;
				INFOPLIST_FILE = BillionerProject/Info.plist;
				INFOPLIST_KEY_UIApplicationSupportsIndirectInputEvents = YES;
				INFOPLIST_KEY_UILaunchStoryboardName = LaunchScreen;
				INFOPLIST_KEY_UIMainStoryboardFile = Main;
				INFOPLIST_KEY_UISupportedInterfaceOrientations_iPad = "UIInterfaceOrientationPortrait UIInterfaceOrientationPortraitUpsideDown UIInterfaceOrientationLandscapeLeft UIInterfaceOrientationLandscapeRight";
				INFOPLIST_KEY_UISupportedInterfaceOrientations_iPhone = "UIInterfaceOrientationPortrait UIInterfaceOrientationLandscapeLeft UIInterfaceOrientationLandscapeRight";
				LD_RUNPATH_SEARCH_PATHS = (
					"$(inherited)",
					"@executable_path/Frameworks",
				);
				MARKETING_VERSION = 1.0;
				PRODUCT_BUNDLE_IDENTIFIER = com.atl.BillionerProject;
				PRODUCT_NAME = "$(TARGET_NAME)";
				SWIFT_EMIT_LOC_STRINGS = YES;
				SWIFT_VERSION = 5.0;
				TARGETED_DEVICE_FAMILY = "1,2";
			};
			name = Debug;
		};
		8295917B2CB1337200349C49 /* Release */ = {
			isa = XCBuildConfiguration;
			buildSettings = {
				ASSETCATALOG_COMPILER_APPICON_NAME = AppIcon;
				ASSETCATALOG_COMPILER_GLOBAL_ACCENT_COLOR_NAME = AccentColor;
				CODE_SIGN_STYLE = Automatic;
				CURRENT_PROJECT_VERSION = 1;
				DEVELOPMENT_TEAM = UAJFWUV282;
				GENERATE_INFOPLIST_FILE = YES;
				INFOPLIST_FILE = BillionerProject/Info.plist;
				INFOPLIST_KEY_UIApplicationSupportsIndirectInputEvents = YES;
				INFOPLIST_KEY_UILaunchStoryboardName = LaunchScreen;
				INFOPLIST_KEY_UIMainStoryboardFile = Main;
				INFOPLIST_KEY_UISupportedInterfaceOrientations_iPad = "UIInterfaceOrientationPortrait UIInterfaceOrientationPortraitUpsideDown UIInterfaceOrientationLandscapeLeft UIInterfaceOrientationLandscapeRight";
				INFOPLIST_KEY_UISupportedInterfaceOrientations_iPhone = "UIInterfaceOrientationPortrait UIInterfaceOrientationLandscapeLeft UIInterfaceOrientationLandscapeRight";
				LD_RUNPATH_SEARCH_PATHS = (
					"$(inherited)",
					"@executable_path/Frameworks",
				);
				MARKETING_VERSION = 1.0;
				PRODUCT_BUNDLE_IDENTIFIER = com.atl.BillionerProject;
				PRODUCT_NAME = "$(TARGET_NAME)";
				SWIFT_EMIT_LOC_STRINGS = YES;
				SWIFT_VERSION = 5.0;
				TARGETED_DEVICE_FAMILY = "1,2";
			};
			name = Release;
		};
/* End XCBuildConfiguration section */

/* Begin XCConfigurationList section */
		829591602CB1337000349C49 /* Build configuration list for PBXProject "BillionerProject" */ = {
			isa = XCConfigurationList;
			buildConfigurations = (
				829591772CB1337200349C49 /* Debug */,
				829591782CB1337200349C49 /* Release */,
			);
			defaultConfigurationIsVisible = 0;
			defaultConfigurationName = Release;
		};
		829591792CB1337200349C49 /* Build configuration list for PBXNativeTarget "BillionerProject" */ = {
			isa = XCConfigurationList;
			buildConfigurations = (
				8295917A2CB1337200349C49 /* Debug */,
				8295917B2CB1337200349C49 /* Release */,
			);
			defaultConfigurationIsVisible = 0;
			defaultConfigurationName = Release;
		};
/* End XCConfigurationList section */
	};
	rootObject = 8295915D2CB1337000349C49 /* Project object */;
}
